
Microsoft Visual Studio Solution File, Format Version 12.00
# Visual Studio Version 17
VisualStudioVersion = 17.0.31903.59
MinimumVisualStudioVersion = 10.0.40219.1
Project("{FAE04EC0-301F-11D3-BF4B-00C04F79EFBC}") = "QueueTests", "QueueTests\QueueTests.csproj", "{868D3B7B-E36F-47E3-B95C-665D392C7CCF}"
EndProject
Global
	GlobalSection(SolutionConfigurationPlatforms) = preSolution
		Debug|Any CPU = Debug|Any CPU
		Release|Any CPU = Release|Any CPU
	EndGlobalSection
	GlobalSection(SolutionProperties) = preSolution
		HideSolutionNode = FALSE
	EndGlobalSection
	GlobalSection(ProjectConfigurationPlatforms) = postSolution
		{868D3B7B-E36F-47E3-B95C-665D392C7CCF}.Debug|Any CPU.ActiveCfg = Debug|Any CPU
		{868D3B7B-E36F-47E3-B95C-665D392C7CCF}.Debug|Any CPU.Build.0 = Debug|Any CPU
		{868D3B7B-E36F-47E3-B95C-665D392C7CCF}.Release|Any CPU.ActiveCfg = Release|Any CPU
		{868D3B7B-E36F-47E3-B95C-665D392C7CCF}.Release|Any CPU.Build.0 = Release|Any CPU
	EndGlobalSection
EndGlobal
