
Microsoft Visual Studio Solution File, Format Version 12.00
# Visual Studio Version 17
VisualStudioVersion = 17.0.31903.59
MinimumVisualStudioVersion = 10.0.40219.1
Project("{FAE04EC0-301F-11D3-BF4B-00C04F79EFBC}") = "BubbleSort", "BubbleSort\BubbleSort.csproj", "{257CBF71-2EA0-4049-9D65-3B114F1D6A3C}"
EndProject
Project("{FAE04EC0-301F-11D3-BF4B-00C04F79EFBC}") = "BubbleSortTests", "BubbleSortTests\BubbleSortTests.csproj", "{8E59C610-0459-473B-97FD-721F64462825}"
EndProject
Global
	GlobalSection(SolutionConfigurationPlatforms) = preSolution
		Debug|Any CPU = Debug|Any CPU
		Release|Any CPU = Release|Any CPU
	EndGlobalSection
	GlobalSection(SolutionProperties) = preSolution
		HideSolutionNode = FALSE
	EndGlobalSection
	GlobalSection(ProjectConfigurationPlatforms) = postSolution
		{257CBF71-2EA0-4049-9D65-3B114F1D6A3C}.Debug|Any CPU.ActiveCfg = Debug|Any CPU
		{257CBF71-2EA0-4049-9D65-3B114F1D6A3C}.Debug|Any CPU.Build.0 = Debug|Any CPU
		{257CBF71-2EA0-4049-9D65-3B114F1D6A3C}.Release|Any CPU.ActiveCfg = Release|Any CPU
		{257CBF71-2EA0-4049-9D65-3B114F1D6A3C}.Release|Any CPU.Build.0 = Release|Any CPU
		{8E59C610-0459-473B-97FD-721F64462825}.Debug|Any CPU.ActiveCfg = Debug|Any CPU
		{8E59C610-0459-473B-97FD-721F64462825}.Debug|Any CPU.Build.0 = Debug|Any CPU
		{8E59C610-0459-473B-97FD-721F64462825}.Release|Any CPU.ActiveCfg = Release|Any CPU
		{8E59C610-0459-473B-97FD-721F64462825}.Release|Any CPU.Build.0 = Release|Any CPU
	EndGlobalSection
EndGlobal
