
Microsoft Visual Studio Solution File, Format Version 12.00
# Visual Studio Version 17
VisualStudioVersion = 17.0.31903.59
MinimumVisualStudioVersion = 10.0.40219.1
Project("{FAE04EC0-301F-11D3-BF4B-00C04F79EFBC}") = "Routers", "Routers\Routers.csproj", "{6E742789-D94B-41C1-81C5-6B8ACD52E14F}"
EndProject
Project("{FAE04EC0-301F-11D3-BF4B-00C04F79EFBC}") = "ConfigurationGeneratorTests", "ConfigurationGeneratorTests\ConfigurationGeneratorTests.csproj", "{9678C92F-AA86-4B44-AD08-F27BA3272783}"
EndProject
Global
	GlobalSection(SolutionConfigurationPlatforms) = preSolution
		Debug|Any CPU = Debug|Any CPU
		Release|Any CPU = Release|Any CPU
	EndGlobalSection
	GlobalSection(SolutionProperties) = preSolution
		HideSolutionNode = FALSE
	EndGlobalSection
	GlobalSection(ProjectConfigurationPlatforms) = postSolution
		{6E742789-D94B-41C1-81C5-6B8ACD52E14F}.Debug|Any CPU.ActiveCfg = Debug|Any CPU
		{6E742789-D94B-41C1-81C5-6B8ACD52E14F}.Debug|Any CPU.Build.0 = Debug|Any CPU
		{6E742789-D94B-41C1-81C5-6B8ACD52E14F}.Release|Any CPU.ActiveCfg = Release|Any CPU
		{6E742789-D94B-41C1-81C5-6B8ACD52E14F}.Release|Any CPU.Build.0 = Release|Any CPU
		{9678C92F-AA86-4B44-AD08-F27BA3272783}.Debug|Any CPU.ActiveCfg = Debug|Any CPU
		{9678C92F-AA86-4B44-AD08-F27BA3272783}.Debug|Any CPU.Build.0 = Debug|Any CPU
		{9678C92F-AA86-4B44-AD08-F27BA3272783}.Release|Any CPU.ActiveCfg = Release|Any CPU
		{9678C92F-AA86-4B44-AD08-F27BA3272783}.Release|Any CPU.Build.0 = Release|Any CPU
	EndGlobalSection
EndGlobal
