
Microsoft Visual Studio Solution File, Format Version 12.00
# Visual Studio Version 17
VisualStudioVersion = 17.0.31903.59
MinimumVisualStudioVersion = 10.0.40219.1
Project("{FAE04EC0-301F-11D3-BF4B-00C04F79EFBC}") = "Game", "Game\Game.csproj", "{EE25141A-14E9-4D3A-87DD-F6F9DC10143E}"
EndProject
Project("{FAE04EC0-301F-11D3-BF4B-00C04F79EFBC}") = "GameTests", "GameTests\GameTests.csproj", "{C206ACFC-27B4-4CDB-AFD4-F1ECDE4B601F}"
EndProject
Global
	GlobalSection(SolutionConfigurationPlatforms) = preSolution
		Debug|Any CPU = Debug|Any CPU
		Release|Any CPU = Release|Any CPU
	EndGlobalSection
	GlobalSection(SolutionProperties) = preSolution
		HideSolutionNode = FALSE
	EndGlobalSection
	GlobalSection(ProjectConfigurationPlatforms) = postSolution
		{EE25141A-14E9-4D3A-87DD-F6F9DC10143E}.Debug|Any CPU.ActiveCfg = Debug|Any CPU
		{EE25141A-14E9-4D3A-87DD-F6F9DC10143E}.Debug|Any CPU.Build.0 = Debug|Any CPU
		{EE25141A-14E9-4D3A-87DD-F6F9DC10143E}.Release|Any CPU.ActiveCfg = Release|Any CPU
		{EE25141A-14E9-4D3A-87DD-F6F9DC10143E}.Release|Any CPU.Build.0 = Release|Any CPU
		{C206ACFC-27B4-4CDB-AFD4-F1ECDE4B601F}.Debug|Any CPU.ActiveCfg = Debug|Any CPU
		{C206ACFC-27B4-4CDB-AFD4-F1ECDE4B601F}.Debug|Any CPU.Build.0 = Debug|Any CPU
		{C206ACFC-27B4-4CDB-AFD4-F1ECDE4B601F}.Release|Any CPU.ActiveCfg = Release|Any CPU
		{C206ACFC-27B4-4CDB-AFD4-F1ECDE4B601F}.Release|Any CPU.Build.0 = Release|Any CPU
	EndGlobalSection
EndGlobal
