
Microsoft Visual Studio Solution File, Format Version 12.00
# Visual Studio Version 17
VisualStudioVersion = 17.0.31903.59
MinimumVisualStudioVersion = 10.0.40219.1
Project("{FAE04EC0-301F-11D3-BF4B-00C04F79EFBC}") = "InsertionSort", "InsertionSort\InsertionSort.csproj", "{3BFA373C-E4D9-47A1-B31E-2C3E5D9A1ACB}"
EndProject
Project("{FAE04EC0-301F-11D3-BF4B-00C04F79EFBC}") = "InsertionSortTests", "InsertionSortTests\InsertionSortTests.csproj", "{4EE2B7DC-D305-48B9-8CC5-FF26C28FF1E7}"
EndProject
Global
	GlobalSection(SolutionConfigurationPlatforms) = preSolution
		Debug|Any CPU = Debug|Any CPU
		Release|Any CPU = Release|Any CPU
	EndGlobalSection
	GlobalSection(SolutionProperties) = preSolution
		HideSolutionNode = FALSE
	EndGlobalSection
	GlobalSection(ProjectConfigurationPlatforms) = postSolution
		{3BFA373C-E4D9-47A1-B31E-2C3E5D9A1ACB}.Debug|Any CPU.ActiveCfg = Debug|Any CPU
		{3BFA373C-E4D9-47A1-B31E-2C3E5D9A1ACB}.Debug|Any CPU.Build.0 = Debug|Any CPU
		{3BFA373C-E4D9-47A1-B31E-2C3E5D9A1ACB}.Release|Any CPU.ActiveCfg = Release|Any CPU
		{3BFA373C-E4D9-47A1-B31E-2C3E5D9A1ACB}.Release|Any CPU.Build.0 = Release|Any CPU
		{4EE2B7DC-D305-48B9-8CC5-FF26C28FF1E7}.Debug|Any CPU.ActiveCfg = Debug|Any CPU
		{4EE2B7DC-D305-48B9-8CC5-FF26C28FF1E7}.Debug|Any CPU.Build.0 = Debug|Any CPU
		{4EE2B7DC-D305-48B9-8CC5-FF26C28FF1E7}.Release|Any CPU.ActiveCfg = Release|Any CPU
		{4EE2B7DC-D305-48B9-8CC5-FF26C28FF1E7}.Release|Any CPU.Build.0 = Release|Any CPU
	EndGlobalSection
EndGlobal
